# THIS IS AN AUTOGENERATED FILE. DO NOT EDIT THIS FILE DIRECTLY.
# yarn lockfile v1


"@lifaon/rx-js-light@^1.0.0":
  version "1.0.0"
  resolved "https://registry.yarnpkg.com/@lifaon/rx-js-light/-/rx-js-light-1.0.0.tgz#75a19c561c72f27dcb61d6b854aef2a3fcc6f18b"
  integrity sha512-n2EOEPfxvRwJDOEuadJC4v6mmyyzb2dEyrbvu9nktCQ5i64AbAewPgZ0W5rzJUTy/SUY0Q3SXJqOnB0dQLxpRw==
